
Microsoft Visual Studio Solution File, Format Version 12.00
# Visual Studio Version 17
VisualStudioVersion = 17.8.34330.188
MinimumVisualStudioVersion = 10.0.40219.1
Project("{9A19103F-16F7-4668-BE54-9A1E7A4F7556}") = "BookStoreAppAPI", "BookStoreAppAPI\BookStoreAppAPI.csproj", "{9A0D6824-3E20-4608-9990-46EFF55722B5}"
EndProject
Project("{9A19103F-16F7-4668-BE54-9A1E7A4F7556}") = "BookStoreAppBlazorServerUI", "BookStoreAppBlazorServerUI\BookStoreAppBlazorServerUI.csproj", "{470A7B83-C2FD-4D45-A81A-F233EB66407C}"
EndProject
Global
	GlobalSection(SolutionConfigurationPlatforms) = preSolution
		Debug|Any CPU = Debug|Any CPU
		Release|Any CPU = Release|Any CPU
	EndGlobalSection
	GlobalSection(ProjectConfigurationPlatforms) = postSolution
		{9A0D6824-3E20-4608-9990-46EFF55722B5}.Debug|Any CPU.ActiveCfg = Debug|Any CPU
		{9A0D6824-3E20-4608-9990-46EFF55722B5}.Debug|Any CPU.Build.0 = Debug|Any CPU
		{9A0D6824-3E20-4608-9990-46EFF55722B5}.Release|Any CPU.ActiveCfg = Release|Any CPU
		{9A0D6824-3E20-4608-9990-46EFF55722B5}.Release|Any CPU.Build.0 = Release|Any CPU
		{470A7B83-C2FD-4D45-A81A-F233EB66407C}.Debug|Any CPU.ActiveCfg = Debug|Any CPU
		{470A7B83-C2FD-4D45-A81A-F233EB66407C}.Debug|Any CPU.Build.0 = Debug|Any CPU
		{470A7B83-C2FD-4D45-A81A-F233EB66407C}.Release|Any CPU.ActiveCfg = Release|Any CPU
		{470A7B83-C2FD-4D45-A81A-F233EB66407C}.Release|Any CPU.Build.0 = Release|Any CPU
	EndGlobalSection
	GlobalSection(SolutionProperties) = preSolution
		HideSolutionNode = FALSE
	EndGlobalSection
	GlobalSection(ExtensibilityGlobals) = postSolution
		SolutionGuid = {B15E5BC4-B306-4238-8885-DC82A7C461F6}
	EndGlobalSection
EndGlobal
